
Microsoft Visual Studio Solution File, Format Version 12.00
# Visual Studio 15
VisualStudioVersion = 15.0.28010.2026
MinimumVisualStudioVersion = 10.0.40219.1
Project("{FAE04EC0-301F-11D3-BF4B-00C04F79EFBC}") = "SistemaInventarioRopa-Desktop", "SistemaInventarioRopa-Desktop\SistemaInventarioRopa-Desktop.csproj", "{0FA3B77B-A606-47B2-9670-BE8924B815C9}"
EndProject
Project("{FAE04EC0-301F-11D3-BF4B-00C04F79EFBC}") = "SistemaInventarioRopa-Web", "SistemaInventarioRopa-Web\SistemaInventarioRopa-Web.csproj", "{13121087-6A3B-4933-AED3-7E3DC7B961D2}"
EndProject
Project("{2150E333-8FDC-42A3-9474-1A3956D46DE8}") = "Database", "Database", "{AF51FA5E-81B8-46C0-A5CF-2576D111F744}"
	ProjectSection(SolutionItems) = preProject
		SistemaInventarioRopaBD.db = SistemaInventarioRopaBD.db
	EndProjectSection
EndProject
Global
	GlobalSection(SolutionConfigurationPlatforms) = preSolution
		Debug|Any CPU = Debug|Any CPU
		Release|Any CPU = Release|Any CPU
	EndGlobalSection
	GlobalSection(ProjectConfigurationPlatforms) = postSolution
		{0FA3B77B-A606-47B2-9670-BE8924B815C9}.Debug|Any CPU.ActiveCfg = Debug|Any CPU
		{0FA3B77B-A606-47B2-9670-BE8924B815C9}.Debug|Any CPU.Build.0 = Debug|Any CPU
		{0FA3B77B-A606-47B2-9670-BE8924B815C9}.Release|Any CPU.ActiveCfg = Release|Any CPU
		{0FA3B77B-A606-47B2-9670-BE8924B815C9}.Release|Any CPU.Build.0 = Release|Any CPU
		{13121087-6A3B-4933-AED3-7E3DC7B961D2}.Debug|Any CPU.ActiveCfg = Debug|Any CPU
		{13121087-6A3B-4933-AED3-7E3DC7B961D2}.Debug|Any CPU.Build.0 = Debug|Any CPU
		{13121087-6A3B-4933-AED3-7E3DC7B961D2}.Release|Any CPU.ActiveCfg = Release|Any CPU
		{13121087-6A3B-4933-AED3-7E3DC7B961D2}.Release|Any CPU.Build.0 = Release|Any CPU
	EndGlobalSection
	GlobalSection(SolutionProperties) = preSolution
		HideSolutionNode = FALSE
	EndGlobalSection
	GlobalSection(ExtensibilityGlobals) = postSolution
		SolutionGuid = {7C9A2490-2441-42F9-A61E-A0F639CA2FAB}
	EndGlobalSection
EndGlobal
